// !$*UTF8*$!
{
	archiveVersion = 1;
	classes = {
	};
	objectVersion = 56;
	objects = {

/* Begin PBXBuildFile section */
		5188FADB2C5AA563007D4083 /* PDFConverterApp.swift in Sources */ = {isa = PBXBuildFile; fileRef = 5188FADA2C5AA563007D4083 /* PDFConverterApp.swift */; };
		5188FADD2C5AA563007D4083 /* ContentView.swift in Sources */ = {isa = PBXBuildFile; fileRef = 5188FADC2C5AA563007D4083 /* ContentView.swift */; };
		5188FADF2C5AA563007D4083 /* Assets.xcassets in Resources */ = {isa = PBXBuildFile; fileRef = 5188FADE2C5AA563007D4083 /* Assets.xcassets */; };
		5188FAE22C5AA563007D4083 /* Preview Assets.xcassets in Resources */ = {isa = PBXBuildFile; fileRef = 5188FAE12C5AA563007D4083 /* Preview Assets.xcassets */; };
		5188FAED2C5AA563007D4083 /* PDFConverterTests.swift in Sources */ = {isa = PBXBuildFile; fileRef = 5188FAEC2C5AA563007D4083 /* PDFConverterTests.swift */; };
		5188FAF72C5AA563007D4083 /* PDFConverterUITests.swift in Sources */ = {isa = PBXBuildFile; fileRef = 5188FAF62C5AA563007D4083 /* PDFConverterUITests.swift */; };
		5188FAF92C5AA563007D4083 /* PDFConverterUITestsLaunchTests.swift in Sources */ = {isa = PBXBuildFile; fileRef = 5188FAF82C5AA563007D4083 /* PDFConverterUITestsLaunchTests.swift */; };
/* End PBXBuildFile section */

/* Begin PBXContainerItemProxy section */
		5188FAE92C5AA563007D4083 /* PBXContainerItemProxy */ = {
			isa = PBXContainerItemProxy;
			containerPortal = 5188FACF2C5AA562007D4083 /* Project object */;
			proxyType = 1;
			remoteGlobalIDString = 5188FAD62C5AA562007D4083;
			remoteInfo = PDFConverter;
		};
		5188FAF32C5AA563007D4083 /* PBXContainerItemProxy */ = {
			isa = PBXContainerItemProxy;
			containerPortal = 5188FACF2C5AA562007D4083 /* Project object */;
			proxyType = 1;
			remoteGlobalIDString = 5188FAD62C5AA562007D4083;
			remoteInfo = PDFConverter;
		};
/* End PBXContainerItemProxy section */

/* Begin PBXFileReference section */
		5188FAD72C5AA563007D4083 /* PDFConverter.app */ = {isa = PBXFileReference; explicitFileType = wrapper.application; includeInIndex = 0; path = PDFConverter.app; sourceTree = BUILT_PRODUCTS_DIR; };
		5188FADA2C5AA563007D4083 /* PDFConverterApp.swift */ = {isa = PBXFileReference; lastKnownFileType = sourcecode.swift; path = PDFConverterApp.swift; sourceTree = "<group>"; };
		5188FADC2C5AA563007D4083 /* ContentView.swift */ = {isa = PBXFileReference; lastKnownFileType = sourcecode.swift; path = ContentView.swift; sourceTree = "<group>"; };
		5188FADE2C5AA563007D4083 /* Assets.xcassets */ = {isa = PBXFileReference; lastKnownFileType = folder.assetcatalog; path = Assets.xcassets; sourceTree = "<group>"; };
		5188FAE12C5AA563007D4083 /* Preview Assets.xcassets */ = {isa = PBXFileReference; lastKnownFileType = folder.assetcatalog; path = "Preview Assets.xcassets"; sourceTree = "<group>"; };
		5188FAE32C5AA563007D4083 /* PDFConverter.entitlements */ = {isa = PBXFileReference; lastKnownFileType = text.plist.entitlements; path = PDFConverter.entitlements; sourceTree = "<group>"; };
		5188FAE82C5AA563007D4083 /* PDFConverterTests.xctest */ = {isa = PBXFileReference; explicitFileType = wrapper.cfbundle; includeInIndex = 0; path = PDFConverterTests.xctest; sourceTree = BUILT_PRODUCTS_DIR; };
		5188FAEC2C5AA563007D4083 /* PDFConverterTests.swift */ = {isa = PBXFileReference; lastKnownFileType = sourcecode.swift; path = PDFConverterTests.swift; sourceTree = "<group>"; };
		5188FAF22C5AA563007D4083 /* PDFConverterUITests.xctest */ = {isa = PBXFileReference; explicitFileType = wrapper.cfbundle; includeInIndex = 0; path = PDFConverterUITests.xctest; sourceTree = BUILT_PRODUCTS_DIR; };
		5188FAF62C5AA563007D4083 /* PDFConverterUITests.swift */ = {isa = PBXFileReference; lastKnownFileType = sourcecode.swift; path = PDFConverterUITests.swift; sourceTree = "<group>"; };
		5188FAF82C5AA563007D4083 /* PDFConverterUITestsLaunchTests.swift */ = {isa = PBXFileReference; lastKnownFileType = sourcecode.swift; path = PDFConverterUITestsLaunchTests.swift; sourceTree = "<group>"; };
		5188FB052C5AD248007D4083 /* Info.plist */ = {isa = PBXFileReference; lastKnownFileType = text.plist; path = Info.plist; sourceTree = "<group>"; };
/* End PBXFileReference section */

/* Begin PBXFrameworksBuildPhase section */
		5188FAD42C5AA562007D4083 /* Frameworks */ = {
			isa = PBXFrameworksBuildPhase;
			buildActionMask = 2147483647;
			files = (
			);
			runOnlyForDeploymentPostprocessing = 0;
		};
		5188FAE52C5AA563007D4083 /* Frameworks */ = {
			isa = PBXFrameworksBuildPhase;
			buildActionMask = 2147483647;
			files = (
			);
			runOnlyForDeploymentPostprocessing = 0;
		};
		5188FAEF2C5AA563007D4083 /* Frameworks */ = {
			isa = PBXFrameworksBuildPhase;
			buildActionMask = 2147483647;
			files = (
			);
			runOnlyForDeploymentPostprocessing = 0;
		};
/* End PBXFrameworksBuildPhase section */

/* Begin PBXGroup section */
		5188FACE2C5AA562007D4083 = {
			isa = PBXGroup;
			children = (
				5188FAD92C5AA563007D4083 /* PDFConverter */,
				5188FAEB2C5AA563007D4083 /* PDFConverterTests */,
				5188FAF52C5AA563007D4083 /* PDFConverterUITests */,
				5188FAD82C5AA563007D4083 /* Products */,
			);
			sourceTree = "<group>";
		};
		5188FAD82C5AA563007D4083 /* Products */ = {
			isa = PBXGroup;
			children = (
				5188FAD72C5AA563007D4083 /* PDFConverter.app */,
				5188FAE82C5AA563007D4083 /* PDFConverterTests.xctest */,
				5188FAF22C5AA563007D4083 /* PDFConverterUITests.xctest */,
			);
			name = Products;
			sourceTree = "<group>";
		};
		5188FAD92C5AA563007D4083 /* PDFConverter */ = {
			isa = PBXGroup;
			children = (
				5188FB052C5AD248007D4083 /* Info.plist */,
				5188FADA2C5AA563007D4083 /* PDFConverterApp.swift */,
				5188FADC2C5AA563007D4083 /* ContentView.swift */,
				5188FADE2C5AA563007D4083 /* Assets.xcassets */,
				5188FAE32C5AA563007D4083 /* PDFConverter.entitlements */,
				5188FAE02C5AA563007D4083 /* Preview Content */,
			);
			path = PDFConverter;
			sourceTree = "<group>";
		};
		5188FAE02C5AA563007D4083 /* Preview Content */ = {
			isa = PBXGroup;
			children = (
				5188FAE12C5AA563007D4083 /* Preview Assets.xcassets */,
			);
			path = "Preview Content";
			sourceTree = "<group>";
		};
		5188FAEB2C5AA563007D4083 /* PDFConverterTests */ = {
			isa = PBXGroup;
			children = (
				5188FAEC2C5AA563007D4083 /* PDFConverterTests.swift */,
			);
			path = PDFConverterTests;
			sourceTree = "<group>";
		};
		5188FAF52C5AA563007D4083 /* PDFConverterUITests */ = {
			isa = PBXGroup;
			children = (
				5188FAF62C5AA563007D4083 /* PDFConverterUITests.swift */,
				5188FAF82C5AA563007D4083 /* PDFConverterUITestsLaunchTests.swift */,
			);
			path = PDFConverterUITests;
			sourceTree = "<group>";
		};
/* End PBXGroup section */

/* Begin PBXNativeTarget section */
		5188FAD62C5AA562007D4083 /* PDFConverter */ = {
			isa = PBXNativeTarget;
			buildConfigurationList = 5188FAFC2C5AA563007D4083 /* Build configuration list for PBXNativeTarget "PDFConverter" */;
			buildPhases = (
				5188FAD32C5AA562007D4083 /* Sources */,
				5188FAD42C5AA562007D4083 /* Frameworks */,
				5188FAD52C5AA562007D4083 /* Resources */,
			);
			buildRules = (
			);
			dependencies = (
			);
			name = PDFConverter;
			productName = PDFConverter;
			productReference = 5188FAD72C5AA563007D4083 /* PDFConverter.app */;
			productType = "com.apple.product-type.application";
		};
		5188FAE72C5AA563007D4083 /* PDFConverterTests */ = {
			isa = PBXNativeTarget;
			buildConfigurationList = 5188FAFF2C5AA563007D4083 /* Build configuration list for PBXNativeTarget "PDFConverterTests" */;
			buildPhases = (
				5188FAE42C5AA563007D4083 /* Sources */,
				5188FAE52C5AA563007D4083 /* Frameworks */,
				5188FAE62C5AA563007D4083 /* Resources */,
			);
			buildRules = (
			);
			dependencies = (
				5188FAEA2C5AA563007D4083 /* PBXTargetDependency */,
			);
			name = PDFConverterTests;
			productName = PDFConverterTests;
			productReference = 5188FAE82C5AA563007D4083 /* PDFConverterTests.xctest */;
			productType = "com.apple.product-type.bundle.unit-test";
		};
		5188FAF12C5AA563007D4083 /* PDFConverterUITests */ = {
			isa = PBXNativeTarget;
			buildConfigurationList = 5188FB022C5AA563007D4083 /* Build configuration list for PBXNativeTarget "PDFConverterUITests" */;
			buildPhases = (
				5188FAEE2C5AA563007D4083 /* Sources */,
				5188FAEF2C5AA563007D4083 /* Frameworks */,
				5188FAF02C5AA563007D4083 /* Resources */,
			);
			buildRules = (
			);
			dependencies = (
				5188FAF42C5AA563007D4083 /* PBXTargetDependency */,
			);
			name = PDFConverterUITests;
			productName = PDFConverterUITests;
			productReference = 5188FAF22C5AA563007D4083 /* PDFConverterUITests.xctest */;
			productType = "com.apple.product-type.bundle.ui-testing";
		};
/* End PBXNativeTarget section */

/* Begin PBXProject section */
		5188FACF2C5AA562007D4083 /* Project object */ = {
			isa = PBXProject;
			attributes = {
				BuildIndependentTargetsInParallel = 1;
				LastSwiftUpdateCheck = 1510;
				LastUpgradeCheck = 1510;
				TargetAttributes = {
					5188FAD62C5AA562007D4083 = {
						CreatedOnToolsVersion = 15.1;
					};
					5188FAE72C5AA563007D4083 = {
						CreatedOnToolsVersion = 15.1;
						TestTargetID = 5188FAD62C5AA562007D4083;
					};
					5188FAF12C5AA563007D4083 = {
						CreatedOnToolsVersion = 15.1;
						TestTargetID = 5188FAD62C5AA562007D4083;
					};
				};
			};
			buildConfigurationList = 5188FAD22C5AA562007D4083 /* Build configuration list for PBXProject "PDFConverter" */;
			compatibilityVersion = "Xcode 14.0";
			developmentRegion = en;
			hasScannedForEncodings = 0;
			knownRegions = (
				en,
				Base,
			);
			mainGroup = 5188FACE2C5AA562007D4083;
			productRefGroup = 5188FAD82C5AA563007D4083 /* Products */;
			projectDirPath = "";
			projectRoot = "";
			targets = (
				5188FAD62C5AA562007D4083 /* PDFConverter */,
				5188FAE72C5AA563007D4083 /* PDFConverterTests */,
				5188FAF12C5AA563007D4083 /* PDFConverterUITests */,
			);
		};
/* End PBXProject section */

/* Begin PBXResourcesBuildPhase section */
		5188FAD52C5AA562007D4083 /* Resources */ = {
			isa = PBXResourcesBuildPhase;
			buildActionMask = 2147483647;
			files = (
				5188FAE22C5AA563007D4083 /* Preview Assets.xcassets in Resources */,
				5188FADF2C5AA563007D4083 /* Assets.xcassets in Resources */,
			);
			runOnlyForDeploymentPostprocessing = 0;
		};
		5188FAE62C5AA563007D4083 /* Resources */ = {
			isa = PBXResourcesBuildPhase;
			buildActionMask = 2147483647;
			files = (
			);
			runOnlyForDeploymentPostprocessing = 0;
		};
		5188FAF02C5AA563007D4083 /* Resources */ = {
			isa = PBXResourcesBuildPhase;
			buildActionMask = 2147483647;
			files = (
			);
			runOnlyForDeploymentPostprocessing = 0;
		};
/* End PBXResourcesBuildPhase section */

/* Begin PBXSourcesBuildPhase section */
		5188FAD32C5AA562007D4083 /* Sources */ = {
			isa = PBXSourcesBuildPhase;
			buildActionMask = 2147483647;
			files = (
				5188FADD2C5AA563007D4083 /* ContentView.swift in Sources */,
				5188FADB2C5AA563007D4083 /* PDFConverterApp.swift in Sources */,
			);
			runOnlyForDeploymentPostprocessing = 0;
		};
		5188FAE42C5AA563007D4083 /* Sources */ = {
			isa = PBXSourcesBuildPhase;
			buildActionMask = 2147483647;
			files = (
				5188FAED2C5AA563007D4083 /* PDFConverterTests.swift in Sources */,
			);
			runOnlyForDeploymentPostprocessing = 0;
		};
		5188FAEE2C5AA563007D4083 /* Sources */ = {
			isa = PBXSourcesBuildPhase;
			buildActionMask = 2147483647;
			files = (
				5188FAF92C5AA563007D4083 /* PDFConverterUITestsLaunchTests.swift in Sources */,
				5188FAF72C5AA563007D4083 /* PDFConverterUITests.swift in Sources */,
			);
			runOnlyForDeploymentPostprocessing = 0;
		};
/* End PBXSourcesBuildPhase section */

/* Begin PBXTargetDependency section */
		5188FAEA2C5AA563007D4083 /* PBXTargetDependency */ = {
			isa = PBXTargetDependency;
			target = 5188FAD62C5AA562007D4083 /* PDFConverter */;
			targetProxy = 5188FAE92C5AA563007D4083 /* PBXContainerItemProxy */;
		};
		5188FAF42C5AA563007D4083 /* PBXTargetDependency */ = {
			isa = PBXTargetDependency;
			target = 5188FAD62C5AA562007D4083 /* PDFConverter */;
			targetProxy = 5188FAF32C5AA563007D4083 /* PBXContainerItemProxy */;
		};
/* End PBXTargetDependency section */

/* Begin XCBuildConfiguration section */
		5188FAFA2C5AA563007D4083 /* Debug */ = {
			isa = XCBuildConfiguration;
			buildSettings = {
				ALWAYS_SEARCH_USER_PATHS = NO;
				ASSETCATALOG_COMPILER_GENERATE_SWIFT_ASSET_SYMBOL_EXTENSIONS = YES;
				CLANG_ANALYZER_NONNULL = YES;
				CLANG_ANALYZER_NUMBER_OBJECT_CONVERSION = YES_AGGRESSIVE;
				CLANG_CXX_LANGUAGE_STANDARD = "gnu++20";
				CLANG_ENABLE_MODULES = YES;
				CLANG_ENABLE_OBJC_ARC = YES;
				CLANG_ENABLE_OBJC_WEAK = YES;
				CLANG_WARN_BLOCK_CAPTURE_AUTORELEASING = YES;
				CLANG_WARN_BOOL_CONVERSION = YES;
				CLANG_WARN_COMMA = YES;
				CLANG_WARN_CONSTANT_CONVERSION = YES;
				CLANG_WARN_DEPRECATED_OBJC_IMPLEMENTATIONS = YES;
				CLANG_WARN_DIRECT_OBJC_ISA_USAGE = YES_ERROR;
				CLANG_WARN_DOCUMENTATION_COMMENTS = YES;
				CLANG_WARN_EMPTY_BODY = YES;
				CLANG_WARN_ENUM_CONVERSION = YES;
				CLANG_WARN_INFINITE_RECURSION = YES;
				CLANG_WARN_INT_CONVERSION = YES;
				CLANG_WARN_NON_LITERAL_NULL_CONVERSION = YES;
				CLANG_WARN_OBJC_IMPLICIT_RETAIN_SELF = YES;
				CLANG_WARN_OBJC_LITERAL_CONVERSION = YES;
				CLANG_WARN_OBJC_ROOT_CLASS = YES_ERROR;
				CLANG_WARN_QUOTED_INCLUDE_IN_FRAMEWORK_HEADER = YES;
				CLANG_WARN_RANGE_LOOP_ANALYSIS = YES;
				CLANG_WARN_STRICT_PROTOTYPES = YES;
				CLANG_WARN_SUSPICIOUS_MOVE = YES;
				CLANG_WARN_UNGUARDED_AVAILABILITY = YES_AGGRESSIVE;
				CLANG_WARN_UNREACHABLE_CODE = YES;
				CLANG_WARN__DUPLICATE_METHOD_MATCH = YES;
				COPY_PHASE_STRIP = NO;
				DEBUG_INFORMATION_FORMAT = dwarf;
				ENABLE_STRICT_OBJC_MSGSEND = YES;
				ENABLE_TESTABILITY = YES;
				ENABLE_USER_SCRIPT_SANDBOXING = YES;
				GCC_C_LANGUAGE_STANDARD = gnu17;
				GCC_DYNAMIC_NO_PIC = NO;
				GCC_NO_COMMON_BLOCKS = YES;
				GCC_OPTIMIZATION_LEVEL = 0;
				GCC_PREPROCESSOR_DEFINITIONS = (
					"DEBUG=1",
					"$(inherited)",
				);
				GCC_WARN_64_TO_32_BIT_CONVERSION = YES;
				GCC_WARN_ABOUT_RETURN_TYPE = YES_ERROR;
				GCC_WARN_UNDECLARED_SELECTOR = YES;
				GCC_WARN_UNINITIALIZED_AUTOS = YES_AGGRESSIVE;
				GCC_WARN_UNUSED_FUNCTION = YES;
				GCC_WARN_UNUSED_VARIABLE = YES;
				LOCALIZATION_PREFERS_STRING_CATALOGS = YES;
				MACOSX_DEPLOYMENT_TARGET = 14.2;
				MTL_ENABLE_DEBUG_INFO = INCLUDE_SOURCE;
				MTL_FAST_MATH = YES;
				ONLY_ACTIVE_ARCH = YES;
				SDKROOT = macosx;
				SWIFT_ACTIVE_COMPILATION_CONDITIONS = "DEBUG $(inherited)";
				SWIFT_OPTIMIZATION_LEVEL = "-Onone";
			};
			name = Debug;
		};
		5188FAFB2C5AA563007D4083 /* Release */ = {
			isa = XCBuildConfiguration;
			buildSettings = {
				ALWAYS_SEARCH_USER_PATHS = NO;
				ASSETCATALOG_COMPILER_GENERATE_SWIFT_ASSET_SYMBOL_EXTENSIONS = YES;
				CLANG_ANALYZER_NONNULL = YES;
				CLANG_ANALYZER_NUMBER_OBJECT_CONVERSION = YES_AGGRESSIVE;
				CLANG_CXX_LANGUAGE_STANDARD = "gnu++20";
				CLANG_ENABLE_MODULES = YES;
				CLANG_ENABLE_OBJC_ARC = YES;
				CLANG_ENABLE_OBJC_WEAK = YES;
				CLANG_WARN_BLOCK_CAPTURE_AUTORELEASING = YES;
				CLANG_WARN_BOOL_CONVERSION = YES;
				CLANG_WARN_COMMA = YES;
				CLANG_WARN_CONSTANT_CONVERSION = YES;
				CLANG_WARN_DEPRECATED_OBJC_IMPLEMENTATIONS = YES;
				CLANG_WARN_DIRECT_OBJC_ISA_USAGE = YES_ERROR;
				CLANG_WARN_DOCUMENTATION_COMMENTS = YES;
				CLANG_WARN_EMPTY_BODY = YES;
				CLANG_WARN_ENUM_CONVERSION = YES;
				CLANG_WARN_INFINITE_RECURSION = YES;
				CLANG_WARN_INT_CONVERSION = YES;
				CLANG_WARN_NON_LITERAL_NULL_CONVERSION = YES;
				CLANG_WARN_OBJC_IMPLICIT_RETAIN_SELF = YES;
				CLANG_WARN_OBJC_LITERAL_CONVERSION = YES;
				CLANG_WARN_OBJC_ROOT_CLASS = YES_ERROR;
				CLANG_WARN_QUOTED_INCLUDE_IN_FRAMEWORK_HEADER = YES;
				CLANG_WARN_RANGE_LOOP_ANALYSIS = YES;
				CLANG_WARN_STRICT_PROTOTYPES = YES;
				CLANG_WARN_SUSPICIOUS_MOVE = YES;
				CLANG_WARN_UNGUARDED_AVAILABILITY = YES_AGGRESSIVE;
				CLANG_WARN_UNREACHABLE_CODE = YES;
				CLANG_WARN__DUPLICATE_METHOD_MATCH = YES;
				COPY_PHASE_STRIP = NO;
				DEBUG_INFORMATION_FORMAT = "dwarf-with-dsym";
				ENABLE_NS_ASSERTIONS = NO;
				ENABLE_STRICT_OBJC_MSGSEND = YES;
				ENABLE_USER_SCRIPT_SANDBOXING = YES;
				GCC_C_LANGUAGE_STANDARD = gnu17;
				GCC_NO_COMMON_BLOCKS = YES;
				GCC_WARN_64_TO_32_BIT_CONVERSION = YES;
				GCC_WARN_ABOUT_RETURN_TYPE = YES_ERROR;
				GCC_WARN_UNDECLARED_SELECTOR = YES;
				GCC_WARN_UNINITIALIZED_AUTOS = YES_AGGRESSIVE;
				GCC_WARN_UNUSED_FUNCTION = YES;
				GCC_WARN_UNUSED_VARIABLE = YES;
				LOCALIZATION_PREFERS_STRING_CATALOGS = YES;
				MACOSX_DEPLOYMENT_TARGET = 14.2;
				MTL_ENABLE_DEBUG_INFO = NO;
				MTL_FAST_MATH = YES;
				SDKROOT = macosx;
				SWIFT_COMPILATION_MODE = wholemodule;
			};
			name = Release;
		};
		5188FAFD2C5AA563007D4083 /* Debug */ = {
			isa = XCBuildConfiguration;
			buildSettings = {
				ASSETCATALOG_COMPILER_APPICON_NAME = AppIcon;
				ASSETCATALOG_COMPILER_GLOBAL_ACCENT_COLOR_NAME = AccentColor;
				CODE_SIGN_ENTITLEMENTS = PDFConverter/PDFConverter.entitlements;
				"CODE_SIGN_IDENTITY[sdk=macosx*]" = "-";
				CODE_SIGN_STYLE = Automatic;
				COMBINE_HIDPI_IMAGES = YES;
				CURRENT_PROJECT_VERSION = 1;
				DEVELOPMENT_ASSET_PATHS = "\"PDFConverter/Preview Content\"";
				DEVELOPMENT_TEAM = KDNN3473S3;
				ENABLE_PREVIEWS = YES;
				GENERATE_INFOPLIST_FILE = YES;
				INFOPLIST_FILE = PDFConverter/Info.plist;
				INFOPLIST_KEY_NSHumanReadableCopyright = "";
				LD_RUNPATH_SEARCH_PATHS = (
					"$(inherited)",
					"@executable_path/../Frameworks",
				);
				MARKETING_VERSION = 1.0;
				PRODUCT_BUNDLE_IDENTIFIER = com.maurice.PDFConverter;
				PRODUCT_NAME = "$(TARGET_NAME)";
				SWIFT_EMIT_LOC_STRINGS = YES;
				SWIFT_VERSION = 5.0;
			};
			name = Debug;
		};
		5188FAFE2C5AA563007D4083 /* Release */ = {
			isa = XCBuildConfiguration;
			buildSettings = {
				ASSETCATALOG_COMPILER_APPICON_NAME = AppIcon;
				ASSETCATALOG_COMPILER_GLOBAL_ACCENT_COLOR_NAME = AccentColor;
				CODE_SIGN_ENTITLEMENTS = PDFConverter/PDFConverter.entitlements;
				"CODE_SIGN_IDENTITY[sdk=macosx*]" = "-";
				CODE_SIGN_STYLE = Automatic;
				COMBINE_HIDPI_IMAGES = YES;
				CURRENT_PROJECT_VERSION = 1;
				DEVELOPMENT_ASSET_PATHS = "\"PDFConverter/Preview Content\"";
				DEVELOPMENT_TEAM = KDNN3473S3;
				ENABLE_PREVIEWS = YES;
				GENERATE_INFOPLIST_FILE = YES;
				INFOPLIST_FILE = PDFConverter/Info.plist;
				INFOPLIST_KEY_NSHumanReadableCopyright = "";
				LD_RUNPATH_SEARCH_PATHS = (
					"$(inherited)",
					"@executable_path/../Frameworks",
				);
				MARKETING_VERSION = 1.0;
				PRODUCT_BUNDLE_IDENTIFIER = com.maurice.PDFConverter;
				PRODUCT_NAME = "$(TARGET_NAME)";
				SWIFT_EMIT_LOC_STRINGS = YES;
				SWIFT_VERSION = 5.0;
			};
			name = Release;
		};
		5188FB002C5AA563007D4083 /* Debug */ = {
			isa = XCBuildConfiguration;
			buildSettings = {
				ALWAYS_EMBED_SWIFT_STANDARD_LIBRARIES = YES;
				BUNDLE_LOADER = "$(TEST_HOST)";
				CODE_SIGN_STYLE = Automatic;
				CURRENT_PROJECT_VERSION = 1;
				GENERATE_INFOPLIST_FILE = YES;
				MACOSX_DEPLOYMENT_TARGET = 14.2;
				MARKETING_VERSION = 1.0;
				PRODUCT_BUNDLE_IDENTIFIER = com.maurice.PDFConverterTests;
				PRODUCT_NAME = "$(TARGET_NAME)";
				SWIFT_EMIT_LOC_STRINGS = NO;
				SWIFT_VERSION = 5.0;
				TEST_HOST = "$(BUILT_PRODUCTS_DIR)/PDFConverter.app/$(BUNDLE_EXECUTABLE_FOLDER_PATH)/PDFConverter";
			};
			name = Debug;
		};
		5188FB012C5AA563007D4083 /* Release */ = {
			isa = XCBuildConfiguration;
			buildSettings = {
				ALWAYS_EMBED_SWIFT_STANDARD_LIBRARIES = YES;
				BUNDLE_LOADER = "$(TEST_HOST)";
				CODE_SIGN_STYLE = Automatic;
				CURRENT_PROJECT_VERSION = 1;
				GENERATE_INFOPLIST_FILE = YES;
				MACOSX_DEPLOYMENT_TARGET = 14.2;
				MARKETING_VERSION = 1.0;
				PRODUCT_BUNDLE_IDENTIFIER = com.maurice.PDFConverterTests;
				PRODUCT_NAME = "$(TARGET_NAME)";
				SWIFT_EMIT_LOC_STRINGS = NO;
				SWIFT_VERSION = 5.0;
				TEST_HOST = "$(BUILT_PRODUCTS_DIR)/PDFConverter.app/$(BUNDLE_EXECUTABLE_FOLDER_PATH)/PDFConverter";
			};
			name = Release;
		};
		5188FB032C5AA563007D4083 /* Debug */ = {
			isa = XCBuildConfiguration;
			buildSettings = {
				ALWAYS_EMBED_SWIFT_STANDARD_LIBRARIES = YES;
				CODE_SIGN_STYLE = Automatic;
				CURRENT_PROJECT_VERSION = 1;
				GENERATE_INFOPLIST_FILE = YES;
				MARKETING_VERSION = 1.0;
				PRODUCT_BUNDLE_IDENTIFIER = com.maurice.PDFConverterUITests;
				PRODUCT_NAME = "$(TARGET_NAME)";
				SWIFT_EMIT_LOC_STRINGS = NO;
				SWIFT_VERSION = 5.0;
				TEST_TARGET_NAME = PDFConverter;
			};
			name = Debug;
		};
		5188FB042C5AA563007D4083 /* Release */ = {
			isa = XCBuildConfiguration;
			buildSettings = {
				ALWAYS_EMBED_SWIFT_STANDARD_LIBRARIES = YES;
				CODE_SIGN_STYLE = Automatic;
				CURRENT_PROJECT_VERSION = 1;
				GENERATE_INFOPLIST_FILE = YES;
				MARKETING_VERSION = 1.0;
				PRODUCT_BUNDLE_IDENTIFIER = com.maurice.PDFConverterUITests;
				PRODUCT_NAME = "$(TARGET_NAME)";
				SWIFT_EMIT_LOC_STRINGS = NO;
				SWIFT_VERSION = 5.0;
				TEST_TARGET_NAME = PDFConverter;
			};
			name = Release;
		};
/* End XCBuildConfiguration section */

/* Begin XCConfigurationList section */
		5188FAD22C5AA562007D4083 /* Build configuration list for PBXProject "PDFConverter" */ = {
			isa = XCConfigurationList;
			buildConfigurations = (
				5188FAFA2C5AA563007D4083 /* Debug */,
				5188FAFB2C5AA563007D4083 /* Release */,
			);
			defaultConfigurationIsVisible = 0;
			defaultConfigurationName = Release;
		};
		5188FAFC2C5AA563007D4083 /* Build configuration list for PBXNativeTarget "PDFConverter" */ = {
			isa = XCConfigurationList;
			buildConfigurations = (
				5188FAFD2C5AA563007D4083 /* Debug */,
				5188FAFE2C5AA563007D4083 /* Release */,
			);
			defaultConfigurationIsVisible = 0;
			defaultConfigurationName = Release;
		};
		5188FAFF2C5AA563007D4083 /* Build configuration list for PBXNativeTarget "PDFConverterTests" */ = {
			isa = XCConfigurationList;
			buildConfigurations = (
				5188FB002C5AA563007D4083 /* Debug */,
				5188FB012C5AA563007D4083 /* Release */,
			);
			defaultConfigurationIsVisible = 0;
			defaultConfigurationName = Release;
		};
		5188FB022C5AA563007D4083 /* Build configuration list for PBXNativeTarget "PDFConverterUITests" */ = {
			isa = XCConfigurationList;
			buildConfigurations = (
				5188FB032C5AA563007D4083 /* Debug */,
				5188FB042C5AA563007D4083 /* Release */,
			);
			defaultConfigurationIsVisible = 0;
			defaultConfigurationName = Release;
		};
/* End XCConfigurationList section */
	};
	rootObject = 5188FACF2C5AA562007D4083 /* Project object */;
}
